// !$*UTF8*$!
{
	archiveVersion = 1;
	classes = {
	};
	objectVersion = 56;
	objects = {

/* Begin PBXBuildFile section */
		B60D4E2D29FBB2B900B74530 /* AppDelegate.swift in Sources */ = {isa = PBXBuildFile; fileRef = B60D4E2C29FBB2B900B74530 /* AppDelegate.swift */; };
		B60D4E2F29FBB2B900B74530 /* SceneDelegate.swift in Sources */ = {isa = PBXBuildFile; fileRef = B60D4E2E29FBB2B900B74530 /* SceneDelegate.swift */; };
		B60D4E3429FBB2B900B74530 /* Main.storyboard in Resources */ = {isa = PBXBuildFile; fileRef = B60D4E3229FBB2B900B74530 /* Main.storyboard */; };
		B60D4E3629FBB2BA00B74530 /* Assets.xcassets in Resources */ = {isa = PBXBuildFile; fileRef = B60D4E3529FBB2BA00B74530 /* Assets.xcassets */; };
		B60D4E3929FBB2BA00B74530 /* LaunchScreen.storyboard in Resources */ = {isa = PBXBuildFile; fileRef = B60D4E3729FBB2BA00B74530 /* LaunchScreen.storyboard */; };
		B60D4E4129FBB4A600B74530 /* TableViewControllerNuevo.swift in Sources */ = {isa = PBXBuildFile; fileRef = B60D4E4029FBB4A600B74530 /* TableViewControllerNuevo.swift */; };
		B652E8C529FD2AA500AF2854 /* ICONOS in Resources */ = {isa = PBXBuildFile; fileRef = B652E8C429FD2AA500AF2854 /* ICONOS */; };
/* End PBXBuildFile section */

/* Begin PBXFileReference section */
		B60D4E2929FBB2B900B74530 /* SilvaTableViewController.app */ = {isa = PBXFileReference; explicitFileType = wrapper.application; includeInIndex = 0; path = SilvaTableViewController.app; sourceTree = BUILT_PRODUCTS_DIR; };
		B60D4E2C29FBB2B900B74530 /* AppDelegate.swift */ = {isa = PBXFileReference; lastKnownFileType = sourcecode.swift; path = AppDelegate.swift; sourceTree = "<group>"; };
		B60D4E2E29FBB2B900B74530 /* SceneDelegate.swift */ = {isa = PBXFileReference; lastKnownFileType = sourcecode.swift; path = SceneDelegate.swift; sourceTree = "<group>"; };
		B60D4E3329FBB2B900B74530 /* Base */ = {isa = PBXFileReference; lastKnownFileType = file.storyboard; name = Base; path = Base.lproj/Main.storyboard; sourceTree = "<group>"; };
		B60D4E3529FBB2BA00B74530 /* Assets.xcassets */ = {isa = PBXFileReference; lastKnownFileType = folder.assetcatalog; path = Assets.xcassets; sourceTree = "<group>"; };
		B60D4E3829FBB2BA00B74530 /* Base */ = {isa = PBXFileReference; lastKnownFileType = file.storyboard; name = Base; path = Base.lproj/LaunchScreen.storyboard; sourceTree = "<group>"; };
		B60D4E3A29FBB2BA00B74530 /* Info.plist */ = {isa = PBXFileReference; lastKnownFileType = text.plist.xml; path = Info.plist; sourceTree = "<group>"; };
		B60D4E4029FBB4A600B74530 /* TableViewControllerNuevo.swift */ = {isa = PBXFileReference; lastKnownFileType = sourcecode.swift; path = TableViewControllerNuevo.swift; sourceTree = "<group>"; };
		B652E8C429FD2AA500AF2854 /* ICONOS */ = {isa = PBXFileReference; lastKnownFileType = folder; path = ICONOS; sourceTree = "<group>"; };
/* End PBXFileReference section */

/* Begin PBXFrameworksBuildPhase section */
		B60D4E2629FBB2B900B74530 /* Frameworks */ = {
			isa = PBXFrameworksBuildPhase;
			buildActionMask = 2147483647;
			files = (
			);
			runOnlyForDeploymentPostprocessing = 0;
		};
/* End PBXFrameworksBuildPhase section */

/* Begin PBXGroup section */
		B60D4E2029FBB2B900B74530 = {
			isa = PBXGroup;
			children = (
				B60D4E2B29FBB2B900B74530 /* SilvaTableViewController */,
				B60D4E2A29FBB2B900B74530 /* Products */,
			);
			sourceTree = "<group>";
		};
		B60D4E2A29FBB2B900B74530 /* Products */ = {
			isa = PBXGroup;
			children = (
				B60D4E2929FBB2B900B74530 /* SilvaTableViewController.app */,
			);
			name = Products;
			sourceTree = "<group>";
		};
		B60D4E2B29FBB2B900B74530 /* SilvaTableViewController */ = {
			isa = PBXGroup;
			children = (
				B652E8C429FD2AA500AF2854 /* ICONOS */,
				B60D4E2C29FBB2B900B74530 /* AppDelegate.swift */,
				B60D4E2E29FBB2B900B74530 /* SceneDelegate.swift */,
				B60D4E3229FBB2B900B74530 /* Main.storyboard */,
				B60D4E3529FBB2BA00B74530 /* Assets.xcassets */,
				B60D4E3729FBB2BA00B74530 /* LaunchScreen.storyboard */,
				B60D4E3A29FBB2BA00B74530 /* Info.plist */,
				B60D4E4029FBB4A600B74530 /* TableViewControllerNuevo.swift */,
			);
			path = SilvaTableViewController;
			sourceTree = "<group>";
		};
/* End PBXGroup section */

/* Begin PBXNativeTarget section */
		B60D4E2829FBB2B900B74530 /* SilvaTableViewController */ = {
			isa = PBXNativeTarget;
			buildConfigurationList = B60D4E3D29FBB2BA00B74530 /* Build configuration list for PBXNativeTarget "SilvaTableViewController" */;
			buildPhases = (
				B60D4E2529FBB2B900B74530 /* Sources */,
				B60D4E2629FBB2B900B74530 /* Frameworks */,
				B60D4E2729FBB2B900B74530 /* Resources */,
			);
			buildRules = (
			);
			dependencies = (
			);
			name = SilvaTableViewController;
			productName = SilvaTableViewController;
			productReference = B60D4E2929FBB2B900B74530 /* SilvaTableViewController.app */;
			productType = "com.apple.product-type.application";
		};
/* End PBXNativeTarget section */

/* Begin PBXProject section */
		B60D4E2129FBB2B900B74530 /* Project object */ = {
			isa = PBXProject;
			attributes = {
				BuildIndependentTargetsInParallel = 1;
				LastSwiftUpdateCheck = 1430;
				LastUpgradeCheck = 1430;
				TargetAttributes = {
					B60D4E2829FBB2B900B74530 = {
						CreatedOnToolsVersion = 14.3;
					};
				};
			};
			buildConfigurationList = B60D4E2429FBB2B900B74530 /* Build configuration list for PBXProject "SilvaTableViewController" */;
			compatibilityVersion = "Xcode 14.0";
			developmentRegion = en;
			hasScannedForEncodings = 0;
			knownRegions = (
				en,
				Base,
			);
			mainGroup = B60D4E2029FBB2B900B74530;
			productRefGroup = B60D4E2A29FBB2B900B74530 /* Products */;
			projectDirPath = "";
			projectRoot = "";
			targets = (
				B60D4E2829FBB2B900B74530 /* SilvaTableViewController */,
			);
		};
/* End PBXProject section */

/* Begin PBXResourcesBuildPhase section */
		B60D4E2729FBB2B900B74530 /* Resources */ = {
			isa = PBXResourcesBuildPhase;
			buildActionMask = 2147483647;
			files = (
				B60D4E3929FBB2BA00B74530 /* LaunchScreen.storyboard in Resources */,
				B652E8C529FD2AA500AF2854 /* ICONOS in Resources */,
				B60D4E3629FBB2BA00B74530 /* Assets.xcassets in Resources */,
				B60D4E3429FBB2B900B74530 /* Main.storyboard in Resources */,
			);
			runOnlyForDeploymentPostprocessing = 0;
		};
/* End PBXResourcesBuildPhase section */

/* Begin PBXSourcesBuildPhase section */
		B60D4E2529FBB2B900B74530 /* Sources */ = {
			isa = PBXSourcesBuildPhase;
			buildActionMask = 2147483647;
			files = (
				B60D4E4129FBB4A600B74530 /* TableViewControllerNuevo.swift in Sources */,
				B60D4E2D29FBB2B900B74530 /* AppDelegate.swift in Sources */,
				B60D4E2F29FBB2B900B74530 /* SceneDelegate.swift in Sources */,
			);
			runOnlyForDeploymentPostprocessing = 0;
		};
/* End PBXSourcesBuildPhase section */

/* Begin PBXVariantGroup section */
		B60D4E3229FBB2B900B74530 /* Main.storyboard */ = {
			isa = PBXVariantGroup;
			children = (
				B60D4E3329FBB2B900B74530 /* Base */,
			);
			name = Main.storyboard;
			sourceTree = "<group>";
		};
		B60D4E3729FBB2BA00B74530 /* LaunchScreen.storyboard */ = {
			isa = PBXVariantGroup;
			children = (
				B60D4E3829FBB2BA00B74530 /* Base */,
			);
			name = LaunchScreen.storyboard;
			sourceTree = "<group>";
		};
/* End PBXVariantGroup section */

/* Begin XCBuildConfiguration section */
		B60D4E3B29FBB2BA00B74530 /* Debug */ = {
			isa = XCBuildConfiguration;
			buildSettings = {
				ALWAYS_SEARCH_USER_PATHS = NO;
				CLANG_ANALYZER_NONNULL = YES;
				CLANG_ANALYZER_NUMBER_OBJECT_CONVERSION = YES_AGGRESSIVE;
				CLANG_CXX_LANGUAGE_STANDARD = "gnu++20";
				CLANG_ENABLE_MODULES = YES;
				CLANG_ENABLE_OBJC_ARC = YES;
				CLANG_ENABLE_OBJC_WEAK = YES;
				CLANG_WARN_BLOCK_CAPTURE_AUTORELEASING = YES;
				CLANG_WARN_BOOL_CONVERSION = YES;
				CLANG_WARN_COMMA = YES;
				CLANG_WARN_CONSTANT_CONVERSION = YES;
				CLANG_WARN_DEPRECATED_OBJC_IMPLEMENTATIONS = YES;
				CLANG_WARN_DIRECT_OBJC_ISA_USAGE = YES_ERROR;
				CLANG_WARN_DOCUMENTATION_COMMENTS = YES;
				CLANG_WARN_EMPTY_BODY = YES;
				CLANG_WARN_ENUM_CONVERSION = YES;
				CLANG_WARN_INFINITE_RECURSION = YES;
				CLANG_WARN_INT_CONVERSION = YES;
				CLANG_WARN_NON_LITERAL_NULL_CONVERSION = YES;
				CLANG_WARN_OBJC_IMPLICIT_RETAIN_SELF = YES;
				CLANG_WARN_OBJC_LITERAL_CONVERSION = YES;
				CLANG_WARN_OBJC_ROOT_CLASS = YES_ERROR;
				CLANG_WARN_QUOTED_INCLUDE_IN_FRAMEWORK_HEADER = YES;
				CLANG_WARN_RANGE_LOOP_ANALYSIS = YES;
				CLANG_WARN_STRICT_PROTOTYPES = YES;
				CLANG_WARN_SUSPICIOUS_MOVE = YES;
				CLANG_WARN_UNGUARDED_AVAILABILITY = YES_AGGRESSIVE;
				CLANG_WARN_UNREACHABLE_CODE = YES;
				CLANG_WARN__DUPLICATE_METHOD_MATCH = YES;
				COPY_PHASE_STRIP = NO;
				DEBUG_INFORMATION_FORMAT = dwarf;
				ENABLE_STRICT_OBJC_MSGSEND = YES;
				ENABLE_TESTABILITY = YES;
				GCC_C_LANGUAGE_STANDARD = gnu11;
				GCC_DYNAMIC_NO_PIC = NO;
				GCC_NO_COMMON_BLOCKS = YES;
				GCC_OPTIMIZATION_LEVEL = 0;
				GCC_PREPROCESSOR_DEFINITIONS = (
					"DEBUG=1",
					"$(inherited)",
				);
				GCC_WARN_64_TO_32_BIT_CONVERSION = YES;
				GCC_WARN_ABOUT_RETURN_TYPE = YES_ERROR;
				GCC_WARN_UNDECLARED_SELECTOR = YES;
				GCC_WARN_UNINITIALIZED_AUTOS = YES_AGGRESSIVE;
				GCC_WARN_UNUSED_FUNCTION = YES;
				GCC_WARN_UNUSED_VARIABLE = YES;
				IPHONEOS_DEPLOYMENT_TARGET = 16.4;
				MTL_ENABLE_DEBUG_INFO = INCLUDE_SOURCE;
				MTL_FAST_MATH = YES;
				ONLY_ACTIVE_ARCH = YES;
				SDKROOT = iphoneos;
				SWIFT_ACTIVE_COMPILATION_CONDITIONS = DEBUG;
				SWIFT_OPTIMIZATION_LEVEL = "-Onone";
			};
			name = Debug;
		};
		B60D4E3C29FBB2BA00B74530 /* Release */ = {
			isa = XCBuildConfiguration;
			buildSettings = {
				ALWAYS_SEARCH_USER_PATHS = NO;
				CLANG_ANALYZER_NONNULL = YES;
				CLANG_ANALYZER_NUMBER_OBJECT_CONVERSION = YES_AGGRESSIVE;
				CLANG_CXX_LANGUAGE_STANDARD = "gnu++20";
				CLANG_ENABLE_MODULES = YES;
				CLANG_ENABLE_OBJC_ARC = YES;
				CLANG_ENABLE_OBJC_WEAK = YES;
				CLANG_WARN_BLOCK_CAPTURE_AUTORELEASING = YES;
				CLANG_WARN_BOOL_CONVERSION = YES;
				CLANG_WARN_COMMA = YES;
				CLANG_WARN_CONSTANT_CONVERSION = YES;
				CLANG_WARN_DEPRECATED_OBJC_IMPLEMENTATIONS = YES;
				CLANG_WARN_DIRECT_OBJC_ISA_USAGE = YES_ERROR;
				CLANG_WARN_DOCUMENTATION_COMMENTS = YES;
				CLANG_WARN_EMPTY_BODY = YES;
				CLANG_WARN_ENUM_CONVERSION = YES;
				CLANG_WARN_INFINITE_RECURSION = YES;
				CLANG_WARN_INT_CONVERSION = YES;
				CLANG_WARN_NON_LITERAL_NULL_CONVERSION = YES;
				CLANG_WARN_OBJC_IMPLICIT_RETAIN_SELF = YES;
				CLANG_WARN_OBJC_LITERAL_CONVERSION = YES;
				CLANG_WARN_OBJC_ROOT_CLASS = YES_ERROR;
				CLANG_WARN_QUOTED_INCLUDE_IN_FRAMEWORK_HEADER = YES;
				CLANG_WARN_RANGE_LOOP_ANALYSIS = YES;
				CLANG_WARN_STRICT_PROTOTYPES = YES;
				CLANG_WARN_SUSPICIOUS_MOVE = YES;
				CLANG_WARN_UNGUARDED_AVAILABILITY = YES_AGGRESSIVE;
				CLANG_WARN_UNREACHABLE_CODE = YES;
				CLANG_WARN__DUPLICATE_METHOD_MATCH = YES;
				COPY_PHASE_STRIP = NO;
				DEBUG_INFORMATION_FORMAT = "dwarf-with-dsym";
				ENABLE_NS_ASSERTIONS = NO;
				ENABLE_STRICT_OBJC_MSGSEND = YES;
				GCC_C_LANGUAGE_STANDARD = gnu11;
				GCC_NO_COMMON_BLOCKS = YES;
				GCC_WARN_64_TO_32_BIT_CONVERSION = YES;
				GCC_WARN_ABOUT_RETURN_TYPE = YES_ERROR;
				GCC_WARN_UNDECLARED_SELECTOR = YES;
				GCC_WARN_UNINITIALIZED_AUTOS = YES_AGGRESSIVE;
				GCC_WARN_UNUSED_FUNCTION = YES;
				GCC_WARN_UNUSED_VARIABLE = YES;
				IPHONEOS_DEPLOYMENT_TARGET = 16.4;
				MTL_ENABLE_DEBUG_INFO = NO;
				MTL_FAST_MATH = YES;
				SDKROOT = iphoneos;
				SWIFT_COMPILATION_MODE = wholemodule;
				SWIFT_OPTIMIZATION_LEVEL = "-O";
				VALIDATE_PRODUCT = YES;
			};
			name = Release;
		};
		B60D4E3E29FBB2BA00B74530 /* Debug */ = {
			isa = XCBuildConfiguration;
			buildSettings = {
				ASSETCATALOG_COMPILER_APPICON_NAME = AppIcon;
				ASSETCATALOG_COMPILER_GLOBAL_ACCENT_COLOR_NAME = AccentColor;
				CODE_SIGN_STYLE = Automatic;
				CURRENT_PROJECT_VERSION = 1;
				DEVELOPMENT_TEAM = W6AAVJBBWK;
				GENERATE_INFOPLIST_FILE = YES;
				INFOPLIST_FILE = SilvaTableViewController/Info.plist;
				INFOPLIST_KEY_UIApplicationSupportsIndirectInputEvents = YES;
				INFOPLIST_KEY_UILaunchStoryboardName = LaunchScreen;
				INFOPLIST_KEY_UIMainStoryboardFile = Main;
				INFOPLIST_KEY_UISupportedInterfaceOrientations_iPad = "UIInterfaceOrientationPortrait UIInterfaceOrientationPortraitUpsideDown UIInterfaceOrientationLandscapeLeft UIInterfaceOrientationLandscapeRight";
				INFOPLIST_KEY_UISupportedInterfaceOrientations_iPhone = "UIInterfaceOrientationPortrait UIInterfaceOrientationLandscapeLeft UIInterfaceOrientationLandscapeRight";
				LD_RUNPATH_SEARCH_PATHS = (
					"$(inherited)",
					"@executable_path/Frameworks",
				);
				MARKETING_VERSION = 1.0;
				PRODUCT_BUNDLE_IDENTIFIER = com.miempresa.SilvaTableViewController;
				PRODUCT_NAME = "$(TARGET_NAME)";
				SWIFT_EMIT_LOC_STRINGS = YES;
				SWIFT_VERSION = 5.0;
				TARGETED_DEVICE_FAMILY = "1,2";
			};
			name = Debug;
		};
		B60D4E3F29FBB2BA00B74530 /* Release */ = {
			isa = XCBuildConfiguration;
			buildSettings = {
				ASSETCATALOG_COMPILER_APPICON_NAME = AppIcon;
				ASSETCATALOG_COMPILER_GLOBAL_ACCENT_COLOR_NAME = AccentColor;
				CODE_SIGN_STYLE = Automatic;
				CURRENT_PROJECT_VERSION = 1;
				DEVELOPMENT_TEAM = W6AAVJBBWK;
				GENERATE_INFOPLIST_FILE = YES;
				INFOPLIST_FILE = SilvaTableViewController/Info.plist;
				INFOPLIST_KEY_UIApplicationSupportsIndirectInputEvents = YES;
				INFOPLIST_KEY_UILaunchStoryboardName = LaunchScreen;
				INFOPLIST_KEY_UIMainStoryboardFile = Main;
				INFOPLIST_KEY_UISupportedInterfaceOrientations_iPad = "UIInterfaceOrientationPortrait UIInterfaceOrientationPortraitUpsideDown UIInterfaceOrientationLandscapeLeft UIInterfaceOrientationLandscapeRight";
				INFOPLIST_KEY_UISupportedInterfaceOrientations_iPhone = "UIInterfaceOrientationPortrait UIInterfaceOrientationLandscapeLeft UIInterfaceOrientationLandscapeRight";
				LD_RUNPATH_SEARCH_PATHS = (
					"$(inherited)",
					"@executable_path/Frameworks",
				);
				MARKETING_VERSION = 1.0;
				PRODUCT_BUNDLE_IDENTIFIER = com.miempresa.SilvaTableViewController;
				PRODUCT_NAME = "$(TARGET_NAME)";
				SWIFT_EMIT_LOC_STRINGS = YES;
				SWIFT_VERSION = 5.0;
				TARGETED_DEVICE_FAMILY = "1,2";
			};
			name = Release;
		};
/* End XCBuildConfiguration section */

/* Begin XCConfigurationList section */
		B60D4E2429FBB2B900B74530 /* Build configuration list for PBXProject "SilvaTableViewController" */ = {
			isa = XCConfigurationList;
			buildConfigurations = (
				B60D4E3B29FBB2BA00B74530 /* Debug */,
				B60D4E3C29FBB2BA00B74530 /* Release */,
			);
			defaultConfigurationIsVisible = 0;
			defaultConfigurationName = Release;
		};
		B60D4E3D29FBB2BA00B74530 /* Build configuration list for PBXNativeTarget "SilvaTableViewController" */ = {
			isa = XCConfigurationList;
			buildConfigurations = (
				B60D4E3E29FBB2BA00B74530 /* Debug */,
				B60D4E3F29FBB2BA00B74530 /* Release */,
			);
			defaultConfigurationIsVisible = 0;
			defaultConfigurationName = Release;
		};
/* End XCConfigurationList section */
	};
	rootObject = B60D4E2129FBB2B900B74530 /* Project object */;
}
